// !$*UTF8*$!
{
	archiveVersion = 1;
	classes = {
	};
	objectVersion = 56;
	objects = {

/* Begin PBXBuildFile section */
		2E606EEC2A45F22500FC6247 /* MenuCell.swift in Sources */ = {isa = PBXBuildFile; fileRef = 2E606EEA2A45F22500FC6247 /* MenuCell.swift */; };
		2E606EED2A45F22500FC6247 /* MenuCell.xib in Resources */ = {isa = PBXBuildFile; fileRef = 2E606EEB2A45F22500FC6247 /* MenuCell.xib */; };
		2E79452B2A453CC8006D7D9E /* Home.storyboard in Resources */ = {isa = PBXBuildFile; fileRef = 2E79452A2A453CC8006D7D9E /* Home.storyboard */; };
		2E79452D2A453CCE006D7D9E /* Pay.storyboard in Resources */ = {isa = PBXBuildFile; fileRef = 2E79452C2A453CCE006D7D9E /* Pay.storyboard */; };
		2E79452F2A453CD3006D7D9E /* Order.storyboard in Resources */ = {isa = PBXBuildFile; fileRef = 2E79452E2A453CD3006D7D9E /* Order.storyboard */; };
		2E7945312A453CD7006D7D9E /* Shop.storyboard in Resources */ = {isa = PBXBuildFile; fileRef = 2E7945302A453CD7006D7D9E /* Shop.storyboard */; };
		2E7945332A453CDB006D7D9E /* Other.storyboard in Resources */ = {isa = PBXBuildFile; fileRef = 2E7945322A453CDB006D7D9E /* Other.storyboard */; };
		2E7E19072A455BAE00DABCA0 /* OrderVC.swift in Sources */ = {isa = PBXBuildFile; fileRef = 2E7E19062A455BAE00DABCA0 /* OrderVC.swift */; };
		2E7E19092A4560DB00DABCA0 /* CategoryTableViewCell.swift in Sources */ = {isa = PBXBuildFile; fileRef = 2E7E19082A4560DB00DABCA0 /* CategoryTableViewCell.swift */; };
		2E7E19102A456A7100DABCA0 /* Search.storyboard in Resources */ = {isa = PBXBuildFile; fileRef = 2E7E190F2A456A7100DABCA0 /* Search.storyboard */; };
		2E7E19122A4578EA00DABCA0 /* SearchVC.swift in Sources */ = {isa = PBXBuildFile; fileRef = 2E7E19112A4578EA00DABCA0 /* SearchVC.swift */; };
		2E7E19142A458B6000DABCA0 /* SearchResult.storyboard in Resources */ = {isa = PBXBuildFile; fileRef = 2E7E19132A458B6000DABCA0 /* SearchResult.storyboard */; };
		2E7E19162A458BA300DABCA0 /* SearchResultVC.swift in Sources */ = {isa = PBXBuildFile; fileRef = 2E7E19152A458BA300DABCA0 /* SearchResultVC.swift */; };
		2E7E191A2A45BDAE00DABCA0 /* LoadUrlImage.swift in Sources */ = {isa = PBXBuildFile; fileRef = 2E7E19192A45BDAE00DABCA0 /* LoadUrlImage.swift */; };
		2E7E191E2A45CC5C00DABCA0 /* MenuVC.swift in Sources */ = {isa = PBXBuildFile; fileRef = 2E7E191D2A45CC5C00DABCA0 /* MenuVC.swift */; };
		5115FC902A4530FD007C2ED9 /* AppDelegate.swift in Sources */ = {isa = PBXBuildFile; fileRef = 5115FC8F2A4530FD007C2ED9 /* AppDelegate.swift */; };
		5115FC922A4530FD007C2ED9 /* SceneDelegate.swift in Sources */ = {isa = PBXBuildFile; fileRef = 5115FC912A4530FD007C2ED9 /* SceneDelegate.swift */; };
		5115FC942A4530FD007C2ED9 /* ViewController.swift in Sources */ = {isa = PBXBuildFile; fileRef = 5115FC932A4530FD007C2ED9 /* ViewController.swift */; };
		5115FC972A4530FD007C2ED9 /* Main.storyboard in Resources */ = {isa = PBXBuildFile; fileRef = 5115FC952A4530FD007C2ED9 /* Main.storyboard */; };
		5115FC992A4530FE007C2ED9 /* Assets.xcassets in Resources */ = {isa = PBXBuildFile; fileRef = 5115FC982A4530FE007C2ED9 /* Assets.xcassets */; };
		5115FC9C2A4530FE007C2ED9 /* LaunchScreen.storyboard in Resources */ = {isa = PBXBuildFile; fileRef = 5115FC9A2A4530FE007C2ED9 /* LaunchScreen.storyboard */; };
		5115FCA42A45324E007C2ED9 /* .gitignore in Resources */ = {isa = PBXBuildFile; fileRef = 5115FCA32A45324D007C2ED9 /* .gitignore */; };
		5115FCA62A4559D6007C2ED9 /* HomeVC.swift in Sources */ = {isa = PBXBuildFile; fileRef = 5115FCA52A4559D6007C2ED9 /* HomeVC.swift */; };
		5115FCA82A456DC3007C2ED9 /* HomeRecommendMenyCollectionViewCell.swift in Sources */ = {isa = PBXBuildFile; fileRef = 5115FCA72A456DC3007C2ED9 /* HomeRecommendMenyCollectionViewCell.swift */; };
		5115FCAA2A4584E3007C2ED9 /* .gitattributes in Resources */ = {isa = PBXBuildFile; fileRef = 5115FCA92A4584E3007C2ED9 /* .gitattributes */; };
		5115FCAD2A4588F2007C2ED9 /* Basket.storyboard in Resources */ = {isa = PBXBuildFile; fileRef = 5115FCAC2A4588F2007C2ED9 /* Basket.storyboard */; };
		5115FCAF2A458C88007C2ED9 /* BasketVC.swift in Sources */ = {isa = PBXBuildFile; fileRef = 5115FCAE2A458C88007C2ED9 /* BasketVC.swift */; };
		51AB7D542A45B1C4003CA0B4 /* BasketTableViewCell.swift in Sources */ = {isa = PBXBuildFile; fileRef = 51AB7D532A45B1C4003CA0B4 /* BasketTableViewCell.swift */; };
		51AB7D572A45E642003CA0B4 /* Alamofire in Frameworks */ = {isa = PBXBuildFile; productRef = 51AB7D562A45E642003CA0B4 /* Alamofire */; };
		51AB7D592A45E7EA003CA0B4 /* ApiClient.swift in Sources */ = {isa = PBXBuildFile; fileRef = 51AB7D582A45E7EA003CA0B4 /* ApiClient.swift */; };
		51AB7D5C2A45EDEA003CA0B4 /* GetRecommendMenu.swift in Sources */ = {isa = PBXBuildFile; fileRef = 51AB7D5B2A45EDEA003CA0B4 /* GetRecommendMenu.swift */; };
/* End PBXBuildFile section */

/* Begin PBXFileReference section */
		2E606EEA2A45F22500FC6247 /* MenuCell.swift */ = {isa = PBXFileReference; lastKnownFileType = sourcecode.swift; path = MenuCell.swift; sourceTree = "<group>"; };
		2E606EEB2A45F22500FC6247 /* MenuCell.xib */ = {isa = PBXFileReference; lastKnownFileType = file.xib; path = MenuCell.xib; sourceTree = "<group>"; };
		2E79452A2A453CC8006D7D9E /* Home.storyboard */ = {isa = PBXFileReference; lastKnownFileType = file.storyboard; path = Home.storyboard; sourceTree = "<group>"; };
		2E79452C2A453CCE006D7D9E /* Pay.storyboard */ = {isa = PBXFileReference; lastKnownFileType = file.storyboard; path = Pay.storyboard; sourceTree = "<group>"; };
		2E79452E2A453CD3006D7D9E /* Order.storyboard */ = {isa = PBXFileReference; lastKnownFileType = file.storyboard; path = Order.storyboard; sourceTree = "<group>"; };
		2E7945302A453CD7006D7D9E /* Shop.storyboard */ = {isa = PBXFileReference; lastKnownFileType = file.storyboard; path = Shop.storyboard; sourceTree = "<group>"; };
		2E7945322A453CDB006D7D9E /* Other.storyboard */ = {isa = PBXFileReference; lastKnownFileType = file.storyboard; path = Other.storyboard; sourceTree = "<group>"; };
		2E7E19062A455BAE00DABCA0 /* OrderVC.swift */ = {isa = PBXFileReference; lastKnownFileType = sourcecode.swift; path = OrderVC.swift; sourceTree = "<group>"; };
		2E7E19082A4560DB00DABCA0 /* CategoryTableViewCell.swift */ = {isa = PBXFileReference; lastKnownFileType = sourcecode.swift; path = CategoryTableViewCell.swift; sourceTree = "<group>"; };
		2E7E190F2A456A7100DABCA0 /* Search.storyboard */ = {isa = PBXFileReference; lastKnownFileType = file.storyboard; path = Search.storyboard; sourceTree = "<group>"; };
		2E7E19112A4578EA00DABCA0 /* SearchVC.swift */ = {isa = PBXFileReference; lastKnownFileType = sourcecode.swift; path = SearchVC.swift; sourceTree = "<group>"; };
		2E7E19132A458B6000DABCA0 /* SearchResult.storyboard */ = {isa = PBXFileReference; lastKnownFileType = file.storyboard; path = SearchResult.storyboard; sourceTree = "<group>"; };
		2E7E19152A458BA300DABCA0 /* SearchResultVC.swift */ = {isa = PBXFileReference; lastKnownFileType = sourcecode.swift; path = SearchResultVC.swift; sourceTree = "<group>"; };
		2E7E19192A45BDAE00DABCA0 /* LoadUrlImage.swift */ = {isa = PBXFileReference; lastKnownFileType = sourcecode.swift; path = LoadUrlImage.swift; sourceTree = "<group>"; };
		2E7E191D2A45CC5C00DABCA0 /* MenuVC.swift */ = {isa = PBXFileReference; lastKnownFileType = sourcecode.swift; path = MenuVC.swift; sourceTree = "<group>"; };
		5115FC8C2A4530FD007C2ED9 /* StarbucksClone.app */ = {isa = PBXFileReference; explicitFileType = wrapper.application; includeInIndex = 0; path = StarbucksClone.app; sourceTree = BUILT_PRODUCTS_DIR; };
		5115FC8F2A4530FD007C2ED9 /* AppDelegate.swift */ = {isa = PBXFileReference; lastKnownFileType = sourcecode.swift; path = AppDelegate.swift; sourceTree = "<group>"; };
		5115FC912A4530FD007C2ED9 /* SceneDelegate.swift */ = {isa = PBXFileReference; lastKnownFileType = sourcecode.swift; path = SceneDelegate.swift; sourceTree = "<group>"; };
		5115FC932A4530FD007C2ED9 /* ViewController.swift */ = {isa = PBXFileReference; lastKnownFileType = sourcecode.swift; path = ViewController.swift; sourceTree = "<group>"; };
		5115FC962A4530FD007C2ED9 /* Base */ = {isa = PBXFileReference; lastKnownFileType = file.storyboard; name = Base; path = Base.lproj/Main.storyboard; sourceTree = "<group>"; };
		5115FC982A4530FE007C2ED9 /* Assets.xcassets */ = {isa = PBXFileReference; lastKnownFileType = folder.assetcatalog; path = Assets.xcassets; sourceTree = "<group>"; };
		5115FC9B2A4530FE007C2ED9 /* Base */ = {isa = PBXFileReference; lastKnownFileType = file.storyboard; name = Base; path = Base.lproj/LaunchScreen.storyboard; sourceTree = "<group>"; };
		5115FC9D2A4530FE007C2ED9 /* Info.plist */ = {isa = PBXFileReference; lastKnownFileType = text.plist.xml; path = Info.plist; sourceTree = "<group>"; };
		5115FCA32A45324D007C2ED9 /* .gitignore */ = {isa = PBXFileReference; lastKnownFileType = text; path = .gitignore; sourceTree = "<group>"; };
		5115FCA52A4559D6007C2ED9 /* HomeVC.swift */ = {isa = PBXFileReference; lastKnownFileType = sourcecode.swift; path = HomeVC.swift; sourceTree = "<group>"; };
		5115FCA72A456DC3007C2ED9 /* HomeRecommendMenyCollectionViewCell.swift */ = {isa = PBXFileReference; lastKnownFileType = sourcecode.swift; path = HomeRecommendMenyCollectionViewCell.swift; sourceTree = "<group>"; };
		5115FCA92A4584E3007C2ED9 /* .gitattributes */ = {isa = PBXFileReference; lastKnownFileType = text; path = .gitattributes; sourceTree = "<group>"; };
		5115FCAC2A4588F2007C2ED9 /* Basket.storyboard */ = {isa = PBXFileReference; lastKnownFileType = file.storyboard; path = Basket.storyboard; sourceTree = "<group>"; };
		5115FCAE2A458C88007C2ED9 /* BasketVC.swift */ = {isa = PBXFileReference; lastKnownFileType = sourcecode.swift; path = BasketVC.swift; sourceTree = "<group>"; };
		51AB7D532A45B1C4003CA0B4 /* BasketTableViewCell.swift */ = {isa = PBXFileReference; lastKnownFileType = sourcecode.swift; path = BasketTableViewCell.swift; sourceTree = "<group>"; };
		51AB7D582A45E7EA003CA0B4 /* ApiClient.swift */ = {isa = PBXFileReference; lastKnownFileType = sourcecode.swift; path = ApiClient.swift; sourceTree = "<group>"; };
		51AB7D5B2A45EDEA003CA0B4 /* GetRecommendMenu.swift */ = {isa = PBXFileReference; lastKnownFileType = sourcecode.swift; path = GetRecommendMenu.swift; sourceTree = "<group>"; };
/* End PBXFileReference section */

/* Begin PBXFrameworksBuildPhase section */
		5115FC892A4530FD007C2ED9 /* Frameworks */ = {
			isa = PBXFrameworksBuildPhase;
			buildActionMask = 2147483647;
			files = (
				51AB7D572A45E642003CA0B4 /* Alamofire in Frameworks */,
			);
			runOnlyForDeploymentPostprocessing = 0;
		};
/* End PBXFrameworksBuildPhase section */

/* Begin PBXGroup section */
		2E7945292A453C92006D7D9E /* Main */ = {
			isa = PBXGroup;
			children = (
				5115FC932A4530FD007C2ED9 /* ViewController.swift */,
				5115FC952A4530FD007C2ED9 /* Main.storyboard */,
				5115FC9A2A4530FE007C2ED9 /* LaunchScreen.storyboard */,
			);
			path = Main;
			sourceTree = "<group>";
		};
		2E7E190A2A4567AA00DABCA0 /* Order */ = {
			isa = PBXGroup;
			children = (
				5115FCAB2A4588E1007C2ED9 /* Basket */,
				2E7E19172A45BAD100DABCA0 /* Search */,
				2E7E19062A455BAE00DABCA0 /* OrderVC.swift */,
				2E7E19082A4560DB00DABCA0 /* CategoryTableViewCell.swift */,
				2E79452E2A453CD3006D7D9E /* Order.storyboard */,
				2E7E191D2A45CC5C00DABCA0 /* MenuVC.swift */,
				2E606EEA2A45F22500FC6247 /* MenuCell.swift */,
				2E606EEB2A45F22500FC6247 /* MenuCell.xib */,
			);
			path = Order;
			sourceTree = "<group>";
		};
		2E7E190B2A45680600DABCA0 /* Home */ = {
			isa = PBXGroup;
			children = (
				5115FCA72A456DC3007C2ED9 /* HomeRecommendMenyCollectionViewCell.swift */,
				5115FCA52A4559D6007C2ED9 /* HomeVC.swift */,
				2E79452A2A453CC8006D7D9E /* Home.storyboard */,
			);
			path = Home;
			sourceTree = "<group>";
		};
		2E7E190C2A45680B00DABCA0 /* Pay */ = {
			isa = PBXGroup;
			children = (
				2E79452C2A453CCE006D7D9E /* Pay.storyboard */,
			);
			path = Pay;
			sourceTree = "<group>";
		};
		2E7E190D2A45682100DABCA0 /* Shop */ = {
			isa = PBXGroup;
			children = (
				2E7945302A453CD7006D7D9E /* Shop.storyboard */,
			);
			path = Shop;
			sourceTree = "<group>";
		};
		2E7E190E2A45682A00DABCA0 /* Other */ = {
			isa = PBXGroup;
			children = (
				2E7945322A453CDB006D7D9E /* Other.storyboard */,
			);
			path = Other;
			sourceTree = "<group>";
		};
		2E7E19172A45BAD100DABCA0 /* Search */ = {
			isa = PBXGroup;
			children = (
				2E7E190F2A456A7100DABCA0 /* Search.storyboard */,
				2E7E19112A4578EA00DABCA0 /* SearchVC.swift */,
				2E7E19132A458B6000DABCA0 /* SearchResult.storyboard */,
				2E7E19152A458BA300DABCA0 /* SearchResultVC.swift */,
			);
			path = Search;
			sourceTree = "<group>";
		};
		2E7E19182A45BD9D00DABCA0 /* Extension */ = {
			isa = PBXGroup;
			children = (
				2E7E19192A45BDAE00DABCA0 /* LoadUrlImage.swift */,
			);
			path = Extension;
			sourceTree = "<group>";
		};
		5115FC832A4530FD007C2ED9 = {
			isa = PBXGroup;
			children = (
				5115FCA92A4584E3007C2ED9 /* .gitattributes */,
				5115FCA32A45324D007C2ED9 /* .gitignore */,
				5115FC8E2A4530FD007C2ED9 /* StarbucksClone */,
				5115FC8D2A4530FD007C2ED9 /* Products */,
			);
			sourceTree = "<group>";
		};
		5115FC8D2A4530FD007C2ED9 /* Products */ = {
			isa = PBXGroup;
			children = (
				5115FC8C2A4530FD007C2ED9 /* StarbucksClone.app */,
			);
			name = Products;
			sourceTree = "<group>";
		};
		5115FC8E2A4530FD007C2ED9 /* StarbucksClone */ = {
			isa = PBXGroup;
			children = (
				51AB7D5D2A45EE10003CA0B4 /* Api */,
				2E7E19182A45BD9D00DABCA0 /* Extension */,
				2E7E190B2A45680600DABCA0 /* Home */,
				2E7E190C2A45680B00DABCA0 /* Pay */,
				2E7E190A2A4567AA00DABCA0 /* Order */,
				2E7E190D2A45682100DABCA0 /* Shop */,
				2E7E190E2A45682A00DABCA0 /* Other */,
				2E7945292A453C92006D7D9E /* Main */,
				5115FC8F2A4530FD007C2ED9 /* AppDelegate.swift */,
				5115FC912A4530FD007C2ED9 /* SceneDelegate.swift */,
				5115FC982A4530FE007C2ED9 /* Assets.xcassets */,
				5115FC9D2A4530FE007C2ED9 /* Info.plist */,
			);
			path = StarbucksClone;
			sourceTree = "<group>";
		};
		5115FCAB2A4588E1007C2ED9 /* Basket */ = {
			isa = PBXGroup;
			children = (
				5115FCAC2A4588F2007C2ED9 /* Basket.storyboard */,
				5115FCAE2A458C88007C2ED9 /* BasketVC.swift */,
				51AB7D532A45B1C4003CA0B4 /* BasketTableViewCell.swift */,
			);
			path = Basket;
			sourceTree = "<group>";
		};
		51AB7D5A2A45EDDC003CA0B4 /* DTO */ = {
			isa = PBXGroup;
			children = (
				51AB7D5B2A45EDEA003CA0B4 /* GetRecommendMenu.swift */,
			);
			path = DTO;
			sourceTree = "<group>";
		};
		51AB7D5D2A45EE10003CA0B4 /* Api */ = {
			isa = PBXGroup;
			children = (
				51AB7D582A45E7EA003CA0B4 /* ApiClient.swift */,
				51AB7D5A2A45EDDC003CA0B4 /* DTO */,
			);
			path = Api;
			sourceTree = "<group>";
		};
/* End PBXGroup section */

/* Begin PBXNativeTarget section */
		5115FC8B2A4530FD007C2ED9 /* StarbucksClone */ = {
			isa = PBXNativeTarget;
			buildConfigurationList = 5115FCA02A4530FE007C2ED9 /* Build configuration list for PBXNativeTarget "StarbucksClone" */;
			buildPhases = (
				5115FC882A4530FD007C2ED9 /* Sources */,
				5115FC892A4530FD007C2ED9 /* Frameworks */,
				5115FC8A2A4530FD007C2ED9 /* Resources */,
			);
			buildRules = (
			);
			dependencies = (
			);
			name = StarbucksClone;
			packageProductDependencies = (
				51AB7D562A45E642003CA0B4 /* Alamofire */,
			);
			productName = StarbucksClone;
			productReference = 5115FC8C2A4530FD007C2ED9 /* StarbucksClone.app */;
			productType = "com.apple.product-type.application";
		};
/* End PBXNativeTarget section */

/* Begin PBXProject section */
		5115FC842A4530FD007C2ED9 /* Project object */ = {
			isa = PBXProject;
			attributes = {
				BuildIndependentTargetsInParallel = 1;
				LastSwiftUpdateCheck = 1430;
				LastUpgradeCheck = 1430;
				TargetAttributes = {
					5115FC8B2A4530FD007C2ED9 = {
						CreatedOnToolsVersion = 14.3;
					};
				};
			};
			buildConfigurationList = 5115FC872A4530FD007C2ED9 /* Build configuration list for PBXProject "StarbucksClone" */;
			compatibilityVersion = "Xcode 14.0";
			developmentRegion = en;
			hasScannedForEncodings = 0;
			knownRegions = (
				en,
				Base,
			);
			mainGroup = 5115FC832A4530FD007C2ED9;
			packageReferences = (
				51AB7D552A45E642003CA0B4 /* XCRemoteSwiftPackageReference "Alamofire" */,
			);
			productRefGroup = 5115FC8D2A4530FD007C2ED9 /* Products */;
			projectDirPath = "";
			projectRoot = "";
			targets = (
				5115FC8B2A4530FD007C2ED9 /* StarbucksClone */,
			);
		};
/* End PBXProject section */

/* Begin PBXResourcesBuildPhase section */
		5115FC8A2A4530FD007C2ED9 /* Resources */ = {
			isa = PBXResourcesBuildPhase;
			buildActionMask = 2147483647;
			files = (
				5115FCAD2A4588F2007C2ED9 /* Basket.storyboard in Resources */,
				2E7945312A453CD7006D7D9E /* Shop.storyboard in Resources */,
				2E606EED2A45F22500FC6247 /* MenuCell.xib in Resources */,
				5115FCA42A45324E007C2ED9 /* .gitignore in Resources */,
				2E7E19142A458B6000DABCA0 /* SearchResult.storyboard in Resources */,
				2E7945332A453CDB006D7D9E /* Other.storyboard in Resources */,
				2E79452B2A453CC8006D7D9E /* Home.storyboard in Resources */,
				2E7E19102A456A7100DABCA0 /* Search.storyboard in Resources */,
				5115FC9C2A4530FE007C2ED9 /* LaunchScreen.storyboard in Resources */,
				5115FCAA2A4584E3007C2ED9 /* .gitattributes in Resources */,
				2E79452D2A453CCE006D7D9E /* Pay.storyboard in Resources */,
				2E79452F2A453CD3006D7D9E /* Order.storyboard in Resources */,
				5115FC992A4530FE007C2ED9 /* Assets.xcassets in Resources */,
				5115FC972A4530FD007C2ED9 /* Main.storyboard in Resources */,
			);
			runOnlyForDeploymentPostprocessing = 0;
		};
/* End PBXResourcesBuildPhase section */

/* Begin PBXSourcesBuildPhase section */
		5115FC882A4530FD007C2ED9 /* Sources */ = {
			isa = PBXSourcesBuildPhase;
			buildActionMask = 2147483647;
			files = (
				5115FCA82A456DC3007C2ED9 /* HomeRecommendMenyCollectionViewCell.swift in Sources */,
				5115FC942A4530FD007C2ED9 /* ViewController.swift in Sources */,
				5115FCA62A4559D6007C2ED9 /* HomeVC.swift in Sources */,
				51AB7D592A45E7EA003CA0B4 /* ApiClient.swift in Sources */,
				51AB7D542A45B1C4003CA0B4 /* BasketTableViewCell.swift in Sources */,
				2E7E19092A4560DB00DABCA0 /* CategoryTableViewCell.swift in Sources */,
				5115FCAF2A458C88007C2ED9 /* BasketVC.swift in Sources */,
				2E7E19122A4578EA00DABCA0 /* SearchVC.swift in Sources */,
				2E7E19162A458BA300DABCA0 /* SearchResultVC.swift in Sources */,
				2E7E19092A4560DB00DABCA0 /* CategoryTableViewCell.swift in Sources */,
				2E7E191A2A45BDAE00DABCA0 /* LoadUrlImage.swift in Sources */,
				51AB7D5C2A45EDEA003CA0B4 /* GetRecommendMenu.swift in Sources */,
				5115FC942A4530FD007C2ED9 /* ViewController.swift in Sources */,
				2E7E191E2A45CC5C00DABCA0 /* MenuVC.swift in Sources */,
				2E7E19072A455BAE00DABCA0 /* OrderVC.swift in Sources */,
				5115FC902A4530FD007C2ED9 /* AppDelegate.swift in Sources */,
				2E606EEC2A45F22500FC6247 /* MenuCell.swift in Sources */,
				5115FC922A4530FD007C2ED9 /* SceneDelegate.swift in Sources */,
			);
			runOnlyForDeploymentPostprocessing = 0;
		};
/* End PBXSourcesBuildPhase section */

/* Begin PBXVariantGroup section */
		5115FC952A4530FD007C2ED9 /* Main.storyboard */ = {
			isa = PBXVariantGroup;
			children = (
				5115FC962A4530FD007C2ED9 /* Base */,
			);
			name = Main.storyboard;
			sourceTree = "<group>";
		};
		5115FC9A2A4530FE007C2ED9 /* LaunchScreen.storyboard */ = {
			isa = PBXVariantGroup;
			children = (
				5115FC9B2A4530FE007C2ED9 /* Base */,
			);
			name = LaunchScreen.storyboard;
			sourceTree = "<group>";
		};
/* End PBXVariantGroup section */

/* Begin XCBuildConfiguration section */
		5115FC9E2A4530FE007C2ED9 /* Debug */ = {
			isa = XCBuildConfiguration;
			buildSettings = {
				ALWAYS_SEARCH_USER_PATHS = NO;
				CLANG_ANALYZER_NONNULL = YES;
				CLANG_ANALYZER_NUMBER_OBJECT_CONVERSION = YES_AGGRESSIVE;
				CLANG_CXX_LANGUAGE_STANDARD = "gnu++20";
				CLANG_ENABLE_MODULES = YES;
				CLANG_ENABLE_OBJC_ARC = YES;
				CLANG_ENABLE_OBJC_WEAK = YES;
				CLANG_WARN_BLOCK_CAPTURE_AUTORELEASING = YES;
				CLANG_WARN_BOOL_CONVERSION = YES;
				CLANG_WARN_COMMA = YES;
				CLANG_WARN_CONSTANT_CONVERSION = YES;
				CLANG_WARN_DEPRECATED_OBJC_IMPLEMENTATIONS = YES;
				CLANG_WARN_DIRECT_OBJC_ISA_USAGE = YES_ERROR;
				CLANG_WARN_DOCUMENTATION_COMMENTS = YES;
				CLANG_WARN_EMPTY_BODY = YES;
				CLANG_WARN_ENUM_CONVERSION = YES;
				CLANG_WARN_INFINITE_RECURSION = YES;
				CLANG_WARN_INT_CONVERSION = YES;
				CLANG_WARN_NON_LITERAL_NULL_CONVERSION = YES;
				CLANG_WARN_OBJC_IMPLICIT_RETAIN_SELF = YES;
				CLANG_WARN_OBJC_LITERAL_CONVERSION = YES;
				CLANG_WARN_OBJC_ROOT_CLASS = YES_ERROR;
				CLANG_WARN_QUOTED_INCLUDE_IN_FRAMEWORK_HEADER = YES;
				CLANG_WARN_RANGE_LOOP_ANALYSIS = YES;
				CLANG_WARN_STRICT_PROTOTYPES = YES;
				CLANG_WARN_SUSPICIOUS_MOVE = YES;
				CLANG_WARN_UNGUARDED_AVAILABILITY = YES_AGGRESSIVE;
				CLANG_WARN_UNREACHABLE_CODE = YES;
				CLANG_WARN__DUPLICATE_METHOD_MATCH = YES;
				COPY_PHASE_STRIP = NO;
				DEBUG_INFORMATION_FORMAT = dwarf;
				ENABLE_STRICT_OBJC_MSGSEND = YES;
				ENABLE_TESTABILITY = YES;
				GCC_C_LANGUAGE_STANDARD = gnu11;
				GCC_DYNAMIC_NO_PIC = NO;
				GCC_NO_COMMON_BLOCKS = YES;
				GCC_OPTIMIZATION_LEVEL = 0;
				GCC_PREPROCESSOR_DEFINITIONS = (
					"DEBUG=1",
					"$(inherited)",
				);
				GCC_WARN_64_TO_32_BIT_CONVERSION = YES;
				GCC_WARN_ABOUT_RETURN_TYPE = YES_ERROR;
				GCC_WARN_UNDECLARED_SELECTOR = YES;
				GCC_WARN_UNINITIALIZED_AUTOS = YES_AGGRESSIVE;
				GCC_WARN_UNUSED_FUNCTION = YES;
				GCC_WARN_UNUSED_VARIABLE = YES;
				IPHONEOS_DEPLOYMENT_TARGET = 16.4;
				MTL_ENABLE_DEBUG_INFO = INCLUDE_SOURCE;
				MTL_FAST_MATH = YES;
				ONLY_ACTIVE_ARCH = YES;
				SDKROOT = iphoneos;
				SWIFT_ACTIVE_COMPILATION_CONDITIONS = DEBUG;
				SWIFT_OPTIMIZATION_LEVEL = "-Onone";
			};
			name = Debug;
		};
		5115FC9F2A4530FE007C2ED9 /* Release */ = {
			isa = XCBuildConfiguration;
			buildSettings = {
				ALWAYS_SEARCH_USER_PATHS = NO;
				CLANG_ANALYZER_NONNULL = YES;
				CLANG_ANALYZER_NUMBER_OBJECT_CONVERSION = YES_AGGRESSIVE;
				CLANG_CXX_LANGUAGE_STANDARD = "gnu++20";
				CLANG_ENABLE_MODULES = YES;
				CLANG_ENABLE_OBJC_ARC = YES;
				CLANG_ENABLE_OBJC_WEAK = YES;
				CLANG_WARN_BLOCK_CAPTURE_AUTORELEASING = YES;
				CLANG_WARN_BOOL_CONVERSION = YES;
				CLANG_WARN_COMMA = YES;
				CLANG_WARN_CONSTANT_CONVERSION = YES;
				CLANG_WARN_DEPRECATED_OBJC_IMPLEMENTATIONS = YES;
				CLANG_WARN_DIRECT_OBJC_ISA_USAGE = YES_ERROR;
				CLANG_WARN_DOCUMENTATION_COMMENTS = YES;
				CLANG_WARN_EMPTY_BODY = YES;
				CLANG_WARN_ENUM_CONVERSION = YES;
				CLANG_WARN_INFINITE_RECURSION = YES;
				CLANG_WARN_INT_CONVERSION = YES;
				CLANG_WARN_NON_LITERAL_NULL_CONVERSION = YES;
				CLANG_WARN_OBJC_IMPLICIT_RETAIN_SELF = YES;
				CLANG_WARN_OBJC_LITERAL_CONVERSION = YES;
				CLANG_WARN_OBJC_ROOT_CLASS = YES_ERROR;
				CLANG_WARN_QUOTED_INCLUDE_IN_FRAMEWORK_HEADER = YES;
				CLANG_WARN_RANGE_LOOP_ANALYSIS = YES;
				CLANG_WARN_STRICT_PROTOTYPES = YES;
				CLANG_WARN_SUSPICIOUS_MOVE = YES;
				CLANG_WARN_UNGUARDED_AVAILABILITY = YES_AGGRESSIVE;
				CLANG_WARN_UNREACHABLE_CODE = YES;
				CLANG_WARN__DUPLICATE_METHOD_MATCH = YES;
				COPY_PHASE_STRIP = NO;
				DEBUG_INFORMATION_FORMAT = "dwarf-with-dsym";
				ENABLE_NS_ASSERTIONS = NO;
				ENABLE_STRICT_OBJC_MSGSEND = YES;
				GCC_C_LANGUAGE_STANDARD = gnu11;
				GCC_NO_COMMON_BLOCKS = YES;
				GCC_WARN_64_TO_32_BIT_CONVERSION = YES;
				GCC_WARN_ABOUT_RETURN_TYPE = YES_ERROR;
				GCC_WARN_UNDECLARED_SELECTOR = YES;
				GCC_WARN_UNINITIALIZED_AUTOS = YES_AGGRESSIVE;
				GCC_WARN_UNUSED_FUNCTION = YES;
				GCC_WARN_UNUSED_VARIABLE = YES;
				IPHONEOS_DEPLOYMENT_TARGET = 16.4;
				MTL_ENABLE_DEBUG_INFO = NO;
				MTL_FAST_MATH = YES;
				SDKROOT = iphoneos;
				SWIFT_COMPILATION_MODE = wholemodule;
				SWIFT_OPTIMIZATION_LEVEL = "-O";
				VALIDATE_PRODUCT = YES;
			};
			name = Release;
		};
		5115FCA12A4530FE007C2ED9 /* Debug */ = {
			isa = XCBuildConfiguration;
			buildSettings = {
				ASSETCATALOG_COMPILER_APPICON_NAME = AppIcon;
				ASSETCATALOG_COMPILER_GLOBAL_ACCENT_COLOR_NAME = AccentColor;
				CODE_SIGN_STYLE = Automatic;
				CURRENT_PROJECT_VERSION = 1;
				DEVELOPMENT_TEAM = 99KH3TLG9V;
				GENERATE_INFOPLIST_FILE = YES;
				INFOPLIST_FILE = StarbucksClone/Info.plist;
				INFOPLIST_KEY_CFBundleDisplayName = "스타벅스";
				INFOPLIST_KEY_UIApplicationSupportsIndirectInputEvents = YES;
				INFOPLIST_KEY_UILaunchStoryboardName = LaunchScreen;
				INFOPLIST_KEY_UIMainStoryboardFile = Main;
				INFOPLIST_KEY_UISupportedInterfaceOrientations = UIInterfaceOrientationPortrait;
				IPHONEOS_DEPLOYMENT_TARGET = 15.0;
				LD_RUNPATH_SEARCH_PATHS = (
					"$(inherited)",
					"@executable_path/Frameworks",
				);
				MARKETING_VERSION = 1.0;
				PRODUCT_BUNDLE_IDENTIFIER = com.KUIT.StarbucksClone;
				PRODUCT_NAME = "$(TARGET_NAME)";
				SWIFT_EMIT_LOC_STRINGS = YES;
				SWIFT_VERSION = 5.0;
				TARGETED_DEVICE_FAMILY = "1,2";
			};
			name = Debug;
		};
		5115FCA22A4530FE007C2ED9 /* Release */ = {
			isa = XCBuildConfiguration;
			buildSettings = {
				ASSETCATALOG_COMPILER_APPICON_NAME = AppIcon;
				ASSETCATALOG_COMPILER_GLOBAL_ACCENT_COLOR_NAME = AccentColor;
				CODE_SIGN_STYLE = Automatic;
				CURRENT_PROJECT_VERSION = 1;
				DEVELOPMENT_TEAM = 99KH3TLG9V;
				GENERATE_INFOPLIST_FILE = YES;
				INFOPLIST_FILE = StarbucksClone/Info.plist;
				INFOPLIST_KEY_CFBundleDisplayName = "스타벅스";
				INFOPLIST_KEY_UIApplicationSupportsIndirectInputEvents = YES;
				INFOPLIST_KEY_UILaunchStoryboardName = LaunchScreen;
				INFOPLIST_KEY_UIMainStoryboardFile = Main;
				INFOPLIST_KEY_UISupportedInterfaceOrientations = UIInterfaceOrientationPortrait;
				IPHONEOS_DEPLOYMENT_TARGET = 15.0;
				LD_RUNPATH_SEARCH_PATHS = (
					"$(inherited)",
					"@executable_path/Frameworks",
				);
				MARKETING_VERSION = 1.0;
				PRODUCT_BUNDLE_IDENTIFIER = com.KUIT.StarbucksClone;
				PRODUCT_NAME = "$(TARGET_NAME)";
				SWIFT_EMIT_LOC_STRINGS = YES;
				SWIFT_VERSION = 5.0;
				TARGETED_DEVICE_FAMILY = "1,2";
			};
			name = Release;
		};
/* End XCBuildConfiguration section */

/* Begin XCConfigurationList section */
		5115FC872A4530FD007C2ED9 /* Build configuration list for PBXProject "StarbucksClone" */ = {
			isa = XCConfigurationList;
			buildConfigurations = (
				5115FC9E2A4530FE007C2ED9 /* Debug */,
				5115FC9F2A4530FE007C2ED9 /* Release */,
			);
			defaultConfigurationIsVisible = 0;
			defaultConfigurationName = Release;
		};
		5115FCA02A4530FE007C2ED9 /* Build configuration list for PBXNativeTarget "StarbucksClone" */ = {
			isa = XCConfigurationList;
			buildConfigurations = (
				5115FCA12A4530FE007C2ED9 /* Debug */,
				5115FCA22A4530FE007C2ED9 /* Release */,
			);
			defaultConfigurationIsVisible = 0;
			defaultConfigurationName = Release;
		};
/* End XCConfigurationList section */

/* Begin XCRemoteSwiftPackageReference section */
		51AB7D552A45E642003CA0B4 /* XCRemoteSwiftPackageReference "Alamofire" */ = {
			isa = XCRemoteSwiftPackageReference;
			repositoryURL = "https://github.com/Alamofire/Alamofire.git";
			requirement = {
				kind = upToNextMajorVersion;
				minimumVersion = 5.0.0;
			};
		};
/* End XCRemoteSwiftPackageReference section */

/* Begin XCSwiftPackageProductDependency section */
		51AB7D562A45E642003CA0B4 /* Alamofire */ = {
			isa = XCSwiftPackageProductDependency;
			package = 51AB7D552A45E642003CA0B4 /* XCRemoteSwiftPackageReference "Alamofire" */;
			productName = Alamofire;
		};
/* End XCSwiftPackageProductDependency section */
	};
	rootObject = 5115FC842A4530FD007C2ED9 /* Project object */;
}
